Microsoft Visual Studio Solution File, Format Version 12.00
# Visual Studio Version 17
VisualStudioVersion = 17.5.2.0
MinimumVisualStudioVersion = 10.0.40219.1
Project("{FAE04EC0-301F-11D3-BF4B-00C04F79EFBC}") = "combatsurf", "combatsurf.csproj", "{7D853AEC-54AD-2EB1-BD86-AAA7A6AC256D}"
EndProject
Global
	GlobalSection(SolutionConfigurationPlatforms) = preSolution
		Debug|Any CPU = Debug|Any CPU
		Release|Any CPU = Release|Any CPU
	EndGlobalSection
	GlobalSection(ProjectConfigurationPlatforms) = postSolution
		{7D853AEC-54AD-2EB1-BD86-AAA7A6AC256D}.Debug|Any CPU.ActiveCfg = Debug|Any CPU
		{7D853AEC-54AD-2EB1-BD86-AAA7A6AC256D}.Debug|Any CPU.Build.0 = Debug|Any CPU
		{7D853AEC-54AD-2EB1-BD86-AAA7A6AC256D}.Release|Any CPU.ActiveCfg = Release|Any CPU
		{7D853AEC-54AD-2EB1-BD86-AAA7A6AC256D}.Release|Any CPU.Build.0 = Release|Any CPU
	EndGlobalSection
	GlobalSection(SolutionProperties) = preSolution
		HideSolutionNode = FALSE
	EndGlobalSection
	GlobalSection(ExtensibilityGlobals) = postSolution
		SolutionGuid = {48B26B78-F03D-4823-AFE5-C0A46FA5FD22}
	EndGlobalSection
EndGlobal
